Microsoft Visual Studio Solution File, Format Version 1.00
Project("{66355F20-A65B-11D0-BFB5-00A0C91EBFA0}") = "ListaDeEmpregados", "ListaDeEmpregados.vjp", "{3C5A3EEE-B292-48E7-B4AE-FF6FB9E44EF2}"
EndProject
Global
	GlobalSection(LocalDeployment) = postSolution
		StartupProject = {3C5A3EEE-B292-48E7-B4AE-FF6FB9E44EF2}
	EndGlobalSection
	GlobalSection(BuildOrder) = postSolution
		0 = {3C5A3EEE-B292-48E7-B4AE-FF6FB9E44EF2}
	EndGlobalSection
	GlobalSection(DeploymentRoot) = postSolution
	EndGlobalSection
EndGlobal
