Microsoft Visual Studio Solution File, Format Version 1.00
Project("{66355F20-A65B-11D0-BFB5-00A0C91EBFA0}") = "EncapsulamentoDeClasses", "EncapsulamentoDeClasses.vjp", "{FDEA4F7B-2A2D-4E2B-B9AD-C7DC1E0E3984}"
EndProject
Global
	GlobalSection(LocalDeployment) = postSolution
		StartupProject = {FDEA4F7B-2A2D-4E2B-B9AD-C7DC1E0E3984}
	EndGlobalSection
	GlobalSection(BuildOrder) = postSolution
		0 = {FDEA4F7B-2A2D-4E2B-B9AD-C7DC1E0E3984}
	EndGlobalSection
	GlobalSection(DeploymentRoot) = postSolution
	EndGlobalSection
EndGlobal
